
Microsoft Visual Studio Solution File, Format Version 12.00
# Visual Studio Version 16
VisualStudioVersion = 16.0.31005.135
MinimumVisualStudioVersion = 10.0.40219.1
Project("{9A19103F-16F7-4668-BE54-9A1E7A4F7556}") = "DisneyApi.Core.Api", "DisneyApi.Core.Api\DisneyApi.Core.Api.csproj", "{5B50B2F4-9384-4829-8481-F02DFE444CD7}"
EndProject
Project("{9A19103F-16F7-4668-BE54-9A1E7A4F7556}") = "DisneyApi.Core.Models", "DisneyApi.Core.Models\DisneyApi.Core.Models.csproj", "{777F8EBC-50F8-41EB-B363-4D471FD9959F}"
EndProject
Project("{9A19103F-16F7-4668-BE54-9A1E7A4F7556}") = "DisneyApi.Core.Logic", "DisneyApi.Core.Logic\DisneyApi.Core.Logic.csproj", "{C83E18F6-CABE-4FDF-8CEE-9998A1BC3E61}"
EndProject
Project("{9A19103F-16F7-4668-BE54-9A1E7A4F7556}") = "DisneyApi.Core.Email", "DisneyApi.Core.Email\DisneyApi.Core.Email.csproj", "{2F0B71D8-CACE-47F8-BBF1-6AD952C36212}"
EndProject
Global
	GlobalSection(SolutionConfigurationPlatforms) = preSolution
		Debug|Any CPU = Debug|Any CPU
		Release|Any CPU = Release|Any CPU
	EndGlobalSection
	GlobalSection(ProjectConfigurationPlatforms) = postSolution
		{5B50B2F4-9384-4829-8481-F02DFE444CD7}.Debug|Any CPU.ActiveCfg = Debug|Any CPU
		{5B50B2F4-9384-4829-8481-F02DFE444CD7}.Debug|Any CPU.Build.0 = Debug|Any CPU
		{5B50B2F4-9384-4829-8481-F02DFE444CD7}.Release|Any CPU.ActiveCfg = Release|Any CPU
		{5B50B2F4-9384-4829-8481-F02DFE444CD7}.Release|Any CPU.Build.0 = Release|Any CPU
		{777F8EBC-50F8-41EB-B363-4D471FD9959F}.Debug|Any CPU.ActiveCfg = Debug|Any CPU
		{777F8EBC-50F8-41EB-B363-4D471FD9959F}.Debug|Any CPU.Build.0 = Debug|Any CPU
		{777F8EBC-50F8-41EB-B363-4D471FD9959F}.Release|Any CPU.ActiveCfg = Release|Any CPU
		{777F8EBC-50F8-41EB-B363-4D471FD9959F}.Release|Any CPU.Build.0 = Release|Any CPU
		{C83E18F6-CABE-4FDF-8CEE-9998A1BC3E61}.Debug|Any CPU.ActiveCfg = Debug|Any CPU
		{C83E18F6-CABE-4FDF-8CEE-9998A1BC3E61}.Debug|Any CPU.Build.0 = Debug|Any CPU
		{C83E18F6-CABE-4FDF-8CEE-9998A1BC3E61}.Release|Any CPU.ActiveCfg = Release|Any CPU
		{C83E18F6-CABE-4FDF-8CEE-9998A1BC3E61}.Release|Any CPU.Build.0 = Release|Any CPU
		{2F0B71D8-CACE-47F8-BBF1-6AD952C36212}.Debug|Any CPU.ActiveCfg = Debug|Any CPU
		{2F0B71D8-CACE-47F8-BBF1-6AD952C36212}.Debug|Any CPU.Build.0 = Debug|Any CPU
		{2F0B71D8-CACE-47F8-BBF1-6AD952C36212}.Release|Any CPU.ActiveCfg = Release|Any CPU
		{2F0B71D8-CACE-47F8-BBF1-6AD952C36212}.Release|Any CPU.Build.0 = Release|Any CPU
	EndGlobalSection
	GlobalSection(SolutionProperties) = preSolution
		HideSolutionNode = FALSE
	EndGlobalSection
	GlobalSection(ExtensibilityGlobals) = postSolution
		SolutionGuid = {4672203C-CC6A-4661-860E-EFF6C8B0B1C5}
	EndGlobalSection
EndGlobal
